// !$*UTF8*$!
{
	archiveVersion = 1;
	classes = {
	};
	objectVersion = 46;
	objects = {

/* Begin PBXBuildFile section */
		8C280A1E1F363B0700A28DE4 /* AppDelegate.swift in Sources */ = {isa = PBXBuildFile; fileRef = 8C280A1D1F363B0700A28DE4 /* AppDelegate.swift */; };
		8C280A201F363B0700A28DE4 /* ViewController.swift in Sources */ = {isa = PBXBuildFile; fileRef = 8C280A1F1F363B0700A28DE4 /* ViewController.swift */; };
		8C280A231F363B0700A28DE4 /* Main.storyboard in Resources */ = {isa = PBXBuildFile; fileRef = 8C280A211F363B0700A28DE4 /* Main.storyboard */; };
		8C280A261F363B0700A28DE4 /* MiraclePill.xcdatamodeld in Sources */ = {isa = PBXBuildFile; fileRef = 8C280A241F363B0700A28DE4 /* MiraclePill.xcdatamodeld */; };
		8C280A281F363B0700A28DE4 /* Assets.xcassets in Resources */ = {isa = PBXBuildFile; fileRef = 8C280A271F363B0700A28DE4 /* Assets.xcassets */; };
		8C280A2B1F363B0700A28DE4 /* LaunchScreen.storyboard in Resources */ = {isa = PBXBuildFile; fileRef = 8C280A291F363B0700A28DE4 /* LaunchScreen.storyboard */; };
		8C280A361F363B0700A28DE4 /* MiraclePillTests.swift in Sources */ = {isa = PBXBuildFile; fileRef = 8C280A351F363B0700A28DE4 /* MiraclePillTests.swift */; };
		8C280A411F363B0700A28DE4 /* MiraclePillUITests.swift in Sources */ = {isa = PBXBuildFile; fileRef = 8C280A401F363B0700A28DE4 /* MiraclePillUITests.swift */; };
/* End PBXBuildFile section */

/* Begin PBXContainerItemProxy section */
		8C280A321F363B0700A28DE4 /* PBXContainerItemProxy */ = {
			isa = PBXContainerItemProxy;
			containerPortal = 8C280A121F363B0700A28DE4 /* Project object */;
			proxyType = 1;
			remoteGlobalIDString = 8C280A191F363B0700A28DE4;
			remoteInfo = MiraclePill;
		};
		8C280A3D1F363B0700A28DE4 /* PBXContainerItemProxy */ = {
			isa = PBXContainerItemProxy;
			containerPortal = 8C280A121F363B0700A28DE4 /* Project object */;
			proxyType = 1;
			remoteGlobalIDString = 8C280A191F363B0700A28DE4;
			remoteInfo = MiraclePill;
		};
/* End PBXContainerItemProxy section */

/* Begin PBXFileReference section */
		8C280A1A1F363B0700A28DE4 /* MiraclePill.app */ = {isa = PBXFileReference; explicitFileType = wrapper.application; includeInIndex = 0; path = MiraclePill.app; sourceTree = BUILT_PRODUCTS_DIR; };
		8C280A1D1F363B0700A28DE4 /* AppDelegate.swift */ = {isa = PBXFileReference; lastKnownFileType = sourcecode.swift; path = AppDelegate.swift; sourceTree = "<group>"; };
		8C280A1F1F363B0700A28DE4 /* ViewController.swift */ = {isa = PBXFileReference; lastKnownFileType = sourcecode.swift; path = ViewController.swift; sourceTree = "<group>"; };
		8C280A221F363B0700A28DE4 /* Base */ = {isa = PBXFileReference; lastKnownFileType = file.storyboard; name = Base; path = Base.lproj/Main.storyboard; sourceTree = "<group>"; };
		8C280A251F363B0700A28DE4 /* MiraclePill.xcdatamodel */ = {isa = PBXFileReference; lastKnownFileType = wrapper.xcdatamodel; path = MiraclePill.xcdatamodel; sourceTree = "<group>"; };
		8C280A271F363B0700A28DE4 /* Assets.xcassets */ = {isa = PBXFileReference; lastKnownFileType = folder.assetcatalog; path = Assets.xcassets; sourceTree = "<group>"; };
		8C280A2A1F363B0700A28DE4 /* Base */ = {isa = PBXFileReference; lastKnownFileType = file.storyboard; name = Base; path = Base.lproj/LaunchScreen.storyboard; sourceTree = "<group>"; };
		8C280A2C1F363B0700A28DE4 /* Info.plist */ = {isa = PBXFileReference; lastKnownFileType = text.plist.xml; path = Info.plist; sourceTree = "<group>"; };
		8C280A311F363B0700A28DE4 /* MiraclePillTests.xctest */ = {isa = PBXFileReference; explicitFileType = wrapper.cfbundle; includeInIndex = 0; path = MiraclePillTests.xctest; sourceTree = BUILT_PRODUCTS_DIR; };
		8C280A351F363B0700A28DE4 /* MiraclePillTests.swift */ = {isa = PBXFileReference; lastKnownFileType = sourcecode.swift; path = MiraclePillTests.swift; sourceTree = "<group>"; };
		8C280A371F363B0700A28DE4 /* Info.plist */ = {isa = PBXFileReference; lastKnownFileType = text.plist.xml; path = Info.plist; sourceTree = "<group>"; };
		8C280A3C1F363B0700A28DE4 /* MiraclePillUITests.xctest */ = {isa = PBXFileReference; explicitFileType = wrapper.cfbundle; includeInIndex = 0; path = MiraclePillUITests.xctest; sourceTree = BUILT_PRODUCTS_DIR; };
		8C280A401F363B0700A28DE4 /* MiraclePillUITests.swift */ = {isa = PBXFileReference; lastKnownFileType = sourcecode.swift; path = MiraclePillUITests.swift; sourceTree = "<group>"; };
		8C280A421F363B0700A28DE4 /* Info.plist */ = {isa = PBXFileReference; lastKnownFileType = text.plist.xml; path = Info.plist; sourceTree = "<group>"; };
/* End PBXFileReference section */

/* Begin PBXFrameworksBuildPhase section */
		8C280A171F363B0700A28DE4 /* Frameworks */ = {
			isa = PBXFrameworksBuildPhase;
			buildActionMask = 2147483647;
			files = (
			);
			runOnlyForDeploymentPostprocessing = 0;
		};
		8C280A2E1F363B0700A28DE4 /* Frameworks */ = {
			isa = PBXFrameworksBuildPhase;
			buildActionMask = 2147483647;
			files = (
			);
			runOnlyForDeploymentPostprocessing = 0;
		};
		8C280A391F363B0700A28DE4 /* Frameworks */ = {
			isa = PBXFrameworksBuildPhase;
			buildActionMask = 2147483647;
			files = (
			);
			runOnlyForDeploymentPostprocessing = 0;
		};
/* End PBXFrameworksBuildPhase section */

/* Begin PBXGroup section */
		8C280A111F363B0700A28DE4 = {
			isa = PBXGroup;
			children = (
				8C280A1C1F363B0700A28DE4 /* MiraclePill */,
				8C280A341F363B0700A28DE4 /* MiraclePillTests */,
				8C280A3F1F363B0700A28DE4 /* MiraclePillUITests */,
				8C280A1B1F363B0700A28DE4 /* Products */,
			);
			sourceTree = "<group>";
		};
		8C280A1B1F363B0700A28DE4 /* Products */ = {
			isa = PBXGroup;
			children = (
				8C280A1A1F363B0700A28DE4 /* MiraclePill.app */,
				8C280A311F363B0700A28DE4 /* MiraclePillTests.xctest */,
				8C280A3C1F363B0700A28DE4 /* MiraclePillUITests.xctest */,
			);
			name = Products;
			sourceTree = "<group>";
		};
		8C280A1C1F363B0700A28DE4 /* MiraclePill */ = {
			isa = PBXGroup;
			children = (
				8C280A1D1F363B0700A28DE4 /* AppDelegate.swift */,
				8C280A1F1F363B0700A28DE4 /* ViewController.swift */,
				8C280A211F363B0700A28DE4 /* Main.storyboard */,
				8C280A271F363B0700A28DE4 /* Assets.xcassets */,
				8C280A291F363B0700A28DE4 /* LaunchScreen.storyboard */,
				8C280A2C1F363B0700A28DE4 /* Info.plist */,
				8C280A241F363B0700A28DE4 /* MiraclePill.xcdatamodeld */,
			);
			path = MiraclePill;
			sourceTree = "<group>";
		};
		8C280A341F363B0700A28DE4 /* MiraclePillTests */ = {
			isa = PBXGroup;
			children = (
				8C280A351F363B0700A28DE4 /* MiraclePillTests.swift */,
				8C280A371F363B0700A28DE4 /* Info.plist */,
			);
			path = MiraclePillTests;
			sourceTree = "<group>";
		};
		8C280A3F1F363B0700A28DE4 /* MiraclePillUITests */ = {
			isa = PBXGroup;
			children = (
				8C280A401F363B0700A28DE4 /* MiraclePillUITests.swift */,
				8C280A421F363B0700A28DE4 /* Info.plist */,
			);
			path = MiraclePillUITests;
			sourceTree = "<group>";
		};
/* End PBXGroup section */

/* Begin PBXNativeTarget section */
		8C280A191F363B0700A28DE4 /* MiraclePill */ = {
			isa = PBXNativeTarget;
			buildConfigurationList = 8C280A451F363B0700A28DE4 /* Build configuration list for PBXNativeTarget "MiraclePill" */;
			buildPhases = (
				8C280A161F363B0700A28DE4 /* Sources */,
				8C280A171F363B0700A28DE4 /* Frameworks */,
				8C280A181F363B0700A28DE4 /* Resources */,
			);
			buildRules = (
			);
			dependencies = (
			);
			name = MiraclePill;
			productName = MiraclePill;
			productReference = 8C280A1A1F363B0700A28DE4 /* MiraclePill.app */;
			productType = "com.apple.product-type.application";
		};
		8C280A301F363B0700A28DE4 /* MiraclePillTests */ = {
			isa = PBXNativeTarget;
			buildConfigurationList = 8C280A481F363B0700A28DE4 /* Build configuration list for PBXNativeTarget "MiraclePillTests" */;
			buildPhases = (
				8C280A2D1F363B0700A28DE4 /* Sources */,
				8C280A2E1F363B0700A28DE4 /* Frameworks */,
				8C280A2F1F363B0700A28DE4 /* Resources */,
			);
			buildRules = (
			);
			dependencies = (
				8C280A331F363B0700A28DE4 /* PBXTargetDependency */,
			);
			name = MiraclePillTests;
			productName = MiraclePillTests;
			productReference = 8C280A311F363B0700A28DE4 /* MiraclePillTests.xctest */;
			productType = "com.apple.product-type.bundle.unit-test";
		};
		8C280A3B1F363B0700A28DE4 /* MiraclePillUITests */ = {
			isa = PBXNativeTarget;
			buildConfigurationList = 8C280A4B1F363B0700A28DE4 /* Build configuration list for PBXNativeTarget "MiraclePillUITests" */;
			buildPhases = (
				8C280A381F363B0700A28DE4 /* Sources */,
				8C280A391F363B0700A28DE4 /* Frameworks */,
				8C280A3A1F363B0700A28DE4 /* Resources */,
			);
			buildRules = (
			);
			dependencies = (
				8C280A3E1F363B0700A28DE4 /* PBXTargetDependency */,
			);
			name = MiraclePillUITests;
			productName = MiraclePillUITests;
			productReference = 8C280A3C1F363B0700A28DE4 /* MiraclePillUITests.xctest */;
			productType = "com.apple.product-type.bundle.ui-testing";
		};
/* End PBXNativeTarget section */

/* Begin PBXProject section */
		8C280A121F363B0700A28DE4 /* Project object */ = {
			isa = PBXProject;
			attributes = {
				LastSwiftUpdateCheck = 0830;
				LastUpgradeCheck = 0830;
				ORGANIZATIONNAME = "Ernest Sports";
				TargetAttributes = {
					8C280A191F363B0700A28DE4 = {
						CreatedOnToolsVersion = 8.3.3;
						DevelopmentTeam = DSYHS4PZE3;
						ProvisioningStyle = Automatic;
					};
					8C280A301F363B0700A28DE4 = {
						CreatedOnToolsVersion = 8.3.3;
						ProvisioningStyle = Automatic;
						TestTargetID = 8C280A191F363B0700A28DE4;
					};
					8C280A3B1F363B0700A28DE4 = {
						CreatedOnToolsVersion = 8.3.3;
						ProvisioningStyle = Automatic;
						TestTargetID = 8C280A191F363B0700A28DE4;
					};
				};
			};
			buildConfigurationList = 8C280A151F363B0700A28DE4 /* Build configuration list for PBXProject "MiraclePill" */;
			compatibilityVersion = "Xcode 3.2";
			developmentRegion = English;
			hasScannedForEncodings = 0;
			knownRegions = (
				en,
				Base,
			);
			mainGroup = 8C280A111F363B0700A28DE4;
			productRefGroup = 8C280A1B1F363B0700A28DE4 /* Products */;
			projectDirPath = "";
			projectRoot = "";
			targets = (
				8C280A191F363B0700A28DE4 /* MiraclePill */,
				8C280A301F363B0700A28DE4 /* MiraclePillTests */,
				8C280A3B1F363B0700A28DE4 /* MiraclePillUITests */,
			);
		};
/* End PBXProject section */

/* Begin PBXResourcesBuildPhase section */
		8C280A181F363B0700A28DE4 /* Resources */ = {
			isa = PBXResourcesBuildPhase;
			buildActionMask = 2147483647;
			files = (
				8C280A2B1F363B0700A28DE4 /* LaunchScreen.storyboard in Resources */,
				8C280A281F363B0700A28DE4 /* Assets.xcassets in Resources */,
				8C280A231F363B0700A28DE4 /* Main.storyboard in Resources */,
			);
			runOnlyForDeploymentPostprocessing = 0;
		};
		8C280A2F1F363B0700A28DE4 /* Resources */ = {
			isa = PBXResourcesBuildPhase;
			buildActionMask = 2147483647;
			files = (
			);
			runOnlyForDeploymentPostprocessing = 0;
		};
		8C280A3A1F363B0700A28DE4 /* Resources */ = {
			isa = PBXResourcesBuildPhase;
			buildActionMask = 2147483647;
			files = (
			);
			runOnlyForDeploymentPostprocessing = 0;
		};
/* End PBXResourcesBuildPhase section */

/* Begin PBXSourcesBuildPhase section */
		8C280A161F363B0700A28DE4 /* Sources */ = {
			isa = PBXSourcesBuildPhase;
			buildActionMask = 2147483647;
			files = (
				8C280A261F363B0700A28DE4 /* MiraclePill.xcdatamodeld in Sources */,
				8C280A201F363B0700A28DE4 /* ViewController.swift in Sources */,
				8C280A1E1F363B0700A28DE4 /* AppDelegate.swift in Sources */,
			);
			runOnlyForDeploymentPostprocessing = 0;
		};
		8C280A2D1F363B0700A28DE4 /* Sources */ = {
			isa = PBXSourcesBuildPhase;
			buildActionMask = 2147483647;
			files = (
				8C280A361F363B0700A28DE4 /* MiraclePillTests.swift in Sources */,
			);
			runOnlyForDeploymentPostprocessing = 0;
		};
		8C280A381F363B0700A28DE4 /* Sources */ = {
			isa = PBXSourcesBuildPhase;
			buildActionMask = 2147483647;
			files = (
				8C280A411F363B0700A28DE4 /* MiraclePillUITests.swift in Sources */,
			);
			runOnlyForDeploymentPostprocessing = 0;
		};
/* End PBXSourcesBuildPhase section */

/* Begin PBXTargetDependency section */
		8C280A331F363B0700A28DE4 /* PBXTargetDependency */ = {
			isa = PBXTargetDependency;
			target = 8C280A191F363B0700A28DE4 /* MiraclePill */;
			targetProxy = 8C280A321F363B0700A28DE4 /* PBXContainerItemProxy */;
		};
		8C280A3E1F363B0700A28DE4 /* PBXTargetDependency */ = {
			isa = PBXTargetDependency;
			target = 8C280A191F363B0700A28DE4 /* MiraclePill */;
			targetProxy = 8C280A3D1F363B0700A28DE4 /* PBXContainerItemProxy */;
		};
/* End PBXTargetDependency section */

/* Begin PBXVariantGroup section */
		8C280A211F363B0700A28DE4 /* Main.storyboard */ = {
			isa = PBXVariantGroup;
			children = (
				8C280A221F363B0700A28DE4 /* Base */,
			);
			name = Main.storyboard;
			sourceTree = "<group>";
		};
		8C280A291F363B0700A28DE4 /* LaunchScreen.storyboard */ = {
			isa = PBXVariantGroup;
			children = (
				8C280A2A1F363B0700A28DE4 /* Base */,
			);
			name = LaunchScreen.storyboard;
			sourceTree = "<group>";
		};
/* End PBXVariantGroup section */

/* Begin XCBuildConfiguration section */
		8C280A431F363B0700A28DE4 /* Debug */ = {
			isa = XCBuildConfiguration;
			buildSettings = {
				ALWAYS_SEARCH_USER_PATHS = NO;
				CLANG_ANALYZER_NONNULL = YES;
				CLANG_ANALYZER_NUMBER_OBJECT_CONVERSION = YES_AGGRESSIVE;
				CLANG_CXX_LANGUAGE_STANDARD = "gnu++0x";
				CLANG_CXX_LIBRARY = "libc++";
				CLANG_ENABLE_MODULES = YES;
				CLANG_ENABLE_OBJC_ARC = YES;
				CLANG_WARN_BOOL_CONVERSION = YES;
				CLANG_WARN_CONSTANT_CONVERSION = YES;
				CLANG_WARN_DIRECT_OBJC_ISA_USAGE = YES_ERROR;
				CLANG_WARN_DOCUMENTATION_COMMENTS = YES;
				CLANG_WARN_EMPTY_BODY = YES;
				CLANG_WARN_ENUM_CONVERSION = YES;
				CLANG_WARN_INFINITE_RECURSION = YES;
				CLANG_WARN_INT_CONVERSION = YES;
				CLANG_WARN_OBJC_ROOT_CLASS = YES_ERROR;
				CLANG_WARN_SUSPICIOUS_MOVE = YES;
				CLANG_WARN_UNREACHABLE_CODE = YES;
				CLANG_WARN__DUPLICATE_METHOD_MATCH = YES;
				"CODE_SIGN_IDENTITY[sdk=iphoneos*]" = "iPhone Developer";
				COPY_PHASE_STRIP = NO;
				DEBUG_INFORMATION_FORMAT = dwarf;
				ENABLE_STRICT_OBJC_MSGSEND = YES;
				ENABLE_TESTABILITY = YES;
				GCC_C_LANGUAGE_STANDARD = gnu99;
				GCC_DYNAMIC_NO_PIC = NO;
				GCC_NO_COMMON_BLOCKS = YES;
				GCC_OPTIMIZATION_LEVEL = 0;
				GCC_PREPROCESSOR_DEFINITIONS = (
					"DEBUG=1",
					"$(inherited)",
				);
				GCC_WARN_64_TO_32_BIT_CONVERSION = YES;
				GCC_WARN_ABOUT_RETURN_TYPE = YES_ERROR;
				GCC_WARN_UNDECLARED_SELECTOR = YES;
				GCC_WARN_UNINITIALIZED_AUTOS = YES_AGGRESSIVE;
				GCC_WARN_UNUSED_FUNCTION = YES;
				GCC_WARN_UNUSED_VARIABLE = YES;
				IPHONEOS_DEPLOYMENT_TARGET = 10.3;
				MTL_ENABLE_DEBUG_INFO = YES;
				ONLY_ACTIVE_ARCH = YES;
				SDKROOT = iphoneos;
				SWIFT_ACTIVE_COMPILATION_CONDITIONS = DEBUG;
				SWIFT_OPTIMIZATION_LEVEL = "-Onone";
				TARGETED_DEVICE_FAMILY = "1,2";
			};
			name = Debug;
		};
		8C280A441F363B0700A28DE4 /* Release */ = {
			isa = XCBuildConfiguration;
			buildSettings = {
				ALWAYS_SEARCH_USER_PATHS = NO;
				CLANG_ANALYZER_NONNULL = YES;
				CLANG_ANALYZER_NUMBER_OBJECT_CONVERSION = YES_AGGRESSIVE;
				CLANG_CXX_LANGUAGE_STANDARD = "gnu++0x";
				CLANG_CXX_LIBRARY = "libc++";
				CLANG_ENABLE_MODULES = YES;
				CLANG_ENABLE_OBJC_ARC = YES;
				CLANG_WARN_BOOL_CONVERSION = YES;
				CLANG_WARN_CONSTANT_CONVERSION = YES;
				CLANG_WARN_DIRECT_OBJC_ISA_USAGE = YES_ERROR;
				CLANG_WARN_DOCUMENTATION_COMMENTS = YES;
				CLANG_WARN_EMPTY_BODY = YES;
				CLANG_WARN_ENUM_CONVERSION = YES;
				CLANG_WARN_INFINITE_RECURSION = YES;
				CLANG_WARN_INT_CONVERSION = YES;
				CLANG_WARN_OBJC_ROOT_CLASS = YES_ERROR;
				CLANG_WARN_SUSPICIOUS_MOVE = YES;
				CLANG_WARN_UNREACHABLE_CODE = YES;
				CLANG_WARN__DUPLICATE_METHOD_MATCH = YES;
				"CODE_SIGN_IDENTITY[sdk=iphoneos*]" = "iPhone Developer";
				COPY_PHASE_STRIP = NO;
				DEBUG_INFORMATION_FORMAT = "dwarf-with-dsym";
				ENABLE_NS_ASSERTIONS = NO;
				ENABLE_STRICT_OBJC_MSGSEND = YES;
				GCC_C_LANGUAGE_STANDARD = gnu99;
				GCC_NO_COMMON_BLOCKS = YES;
				GCC_WARN_64_TO_32_BIT_CONVERSION = YES;
				GCC_WARN_ABOUT_RETURN_TYPE = YES_ERROR;
				GCC_WARN_UNDECLARED_SELECTOR = YES;
				GCC_WARN_UNINITIALIZED_AUTOS = YES_AGGRESSIVE;
				GCC_WARN_UNUSED_FUNCTION = YES;
				GCC_WARN_UNUSED_VARIABLE = YES;
				IPHONEOS_DEPLOYMENT_TARGET = 10.3;
				MTL_ENABLE_DEBUG_INFO = NO;
				SDKROOT = iphoneos;
				SWIFT_OPTIMIZATION_LEVEL = "-Owholemodule";
				TARGETED_DEVICE_FAMILY = "1,2";
				VALIDATE_PRODUCT = YES;
			};
			name = Release;
		};
		8C280A461F363B0700A28DE4 /* Debug */ = {
			isa = XCBuildConfiguration;
			buildSettings = {
				ASSETCATALOG_COMPILER_APPICON_NAME = AppIcon;
				DEVELOPMENT_TEAM = DSYHS4PZE3;
				INFOPLIST_FILE = MiraclePill/Info.plist;
				LD_RUNPATH_SEARCH_PATHS = "$(inherited) @executable_path/Frameworks";
				PRODUCT_BUNDLE_IDENTIFIER = com.ernestsports.MiraclePill;
				PRODUCT_NAME = "$(TARGET_NAME)";
				SWIFT_VERSION = 3.0;
			};
			name = Debug;
		};
		8C280A471F363B0700A28DE4 /* Release */ = {
			isa = XCBuildConfiguration;
			buildSettings = {
				ASSETCATALOG_COMPILER_APPICON_NAME = AppIcon;
				DEVELOPMENT_TEAM = DSYHS4PZE3;
				INFOPLIST_FILE = MiraclePill/Info.plist;
				LD_RUNPATH_SEARCH_PATHS = "$(inherited) @executable_path/Frameworks";
				PRODUCT_BUNDLE_IDENTIFIER = com.ernestsports.MiraclePill;
				PRODUCT_NAME = "$(TARGET_NAME)";
				SWIFT_VERSION = 3.0;
			};
			name = Release;
		};
		8C280A491F363B0700A28DE4 /* Debug */ = {
			isa = XCBuildConfiguration;
			buildSettings = {
				ALWAYS_EMBED_SWIFT_STANDARD_LIBRARIES = YES;
				BUNDLE_LOADER = "$(TEST_HOST)";
				INFOPLIST_FILE = MiraclePillTests/Info.plist;
				LD_RUNPATH_SEARCH_PATHS = "$(inherited) @executable_path/Frameworks @loader_path/Frameworks";
				PRODUCT_BUNDLE_IDENTIFIER = com.ernestsports.MiraclePillTests;
				PRODUCT_NAME = "$(TARGET_NAME)";
				SWIFT_VERSION = 3.0;
				TEST_HOST = "$(BUILT_PRODUCTS_DIR)/MiraclePill.app/MiraclePill";
			};
			name = Debug;
		};
		8C280A4A1F363B0700A28DE4 /* Release */ = {
			isa = XCBuildConfiguration;
			buildSettings = {
				ALWAYS_EMBED_SWIFT_STANDARD_LIBRARIES = YES;
				BUNDLE_LOADER = "$(TEST_HOST)";
				INFOPLIST_FILE = MiraclePillTests/Info.plist;
				LD_RUNPATH_SEARCH_PATHS = "$(inherited) @executable_path/Frameworks @loader_path/Frameworks";
				PRODUCT_BUNDLE_IDENTIFIER = com.ernestsports.MiraclePillTests;
				PRODUCT_NAME = "$(TARGET_NAME)";
				SWIFT_VERSION = 3.0;
				TEST_HOST = "$(BUILT_PRODUCTS_DIR)/MiraclePill.app/MiraclePill";
			};
			name = Release;
		};
		8C280A4C1F363B0700A28DE4 /* Debug */ = {
			isa = XCBuildConfiguration;
			buildSettings = {
				ALWAYS_EMBED_SWIFT_STANDARD_LIBRARIES = YES;
				INFOPLIST_FILE = MiraclePillUITests/Info.plist;
				LD_RUNPATH_SEARCH_PATHS = "$(inherited) @executable_path/Frameworks @loader_path/Frameworks";
				PRODUCT_BUNDLE_IDENTIFIER = com.ernestsports.MiraclePillUITests;
				PRODUCT_NAME = "$(TARGET_NAME)";
				SWIFT_VERSION = 3.0;
				TEST_TARGET_NAME = MiraclePill;
			};
			name = Debug;
		};
		8C280A4D1F363B0700A28DE4 /* Release */ = {
			isa = XCBuildConfiguration;
			buildSettings = {
				ALWAYS_EMBED_SWIFT_STANDARD_LIBRARIES = YES;
				INFOPLIST_FILE = MiraclePillUITests/Info.plist;
				LD_RUNPATH_SEARCH_PATHS = "$(inherited) @executable_path/Frameworks @loader_path/Frameworks";
				PRODUCT_BUNDLE_IDENTIFIER = com.ernestsports.MiraclePillUITests;
				PRODUCT_NAME = "$(TARGET_NAME)";
				SWIFT_VERSION = 3.0;
				TEST_TARGET_NAME = MiraclePill;
			};
			name = Release;
		};
/* End XCBuildConfiguration section */

/* Begin XCConfigurationList section */
		8C280A151F363B0700A28DE4 /* Build configuration list for PBXProject "MiraclePill" */ = {
			isa = XCConfigurationList;
			buildConfigurations = (
				8C280A431F363B0700A28DE4 /* Debug */,
				8C280A441F363B0700A28DE4 /* Release */,
			);
			defaultConfigurationIsVisible = 0;
			defaultConfigurationName = Release;
		};
		8C280A451F363B0700A28DE4 /* Build configuration list for PBXNativeTarget "MiraclePill" */ = {
			isa = XCConfigurationList;
			buildConfigurations = (
				8C280A461F363B0700A28DE4 /* Debug */,
				8C280A471F363B0700A28DE4 /* Release */,
			);
			defaultConfigurationIsVisible = 0;
		};
		8C280A481F363B0700A28DE4 /* Build configuration list for PBXNativeTarget "MiraclePillTests" */ = {
			isa = XCConfigurationList;
			buildConfigurations = (
				8C280A491F363B0700A28DE4 /* Debug */,
				8C280A4A1F363B0700A28DE4 /* Release */,
			);
			defaultConfigurationIsVisible = 0;
		};
		8C280A4B1F363B0700A28DE4 /* Build configuration list for PBXNativeTarget "MiraclePillUITests" */ = {
			isa = XCConfigurationList;
			buildConfigurations = (
				8C280A4C1F363B0700A28DE4 /* Debug */,
				8C280A4D1F363B0700A28DE4 /* Release */,
			);
			defaultConfigurationIsVisible = 0;
		};
/* End XCConfigurationList section */

/* Begin XCVersionGroup section */
		8C280A241F363B0700A28DE4 /* MiraclePill.xcdatamodeld */ = {
			isa = XCVersionGroup;
			children = (
				8C280A251F363B0700A28DE4 /* MiraclePill.xcdatamodel */,
			);
			currentVersion = 8C280A251F363B0700A28DE4 /* MiraclePill.xcdatamodel */;
			path = MiraclePill.xcdatamodeld;
			sourceTree = "<group>";
			versionGroupType = wrapper.xcdatamodel;
		};
/* End XCVersionGroup section */
	};
	rootObject = 8C280A121F363B0700A28DE4 /* Project object */;
}
